lockVersion: 2.0.0
id: d27a20a7-f5e6-4642-9d4b-76a92a4d11f2
management:
  docChecksum: 68a5dff174a4d4f21b279d09f8b73a3e
  docVersion: 1.0.0
  speakeasyVersion: 1.665.0
  generationVersion: 2.767.2
  releaseVersion: 0.6.0
  configChecksum: b40541239245e08730f3faef689283c7
  repoURL: https://github.com/walker-tx/esv-sdk-py.git
  installationURL: https://github.com/walker-tx/esv-sdk-py.git
  published: true
features:
  python:
    additionalDependencies: 1.0.0
    constsAndDefaults: 1.0.5
    core: 5.23.13
    defaultEnabledRetries: 0.2.0
    downloadStreams: 1.0.1
    enumUnions: 0.1.0
    envVarSecurityUsage: 0.3.2
    flattening: 3.1.1
    globalSecurity: 3.0.4
    globalSecurityCallbacks: 1.0.0
    globalSecurityFlattening: 1.0.0
    globalServerURLs: 3.2.0
    methodArguments: 1.0.2
    nameOverrides: 3.0.1
    pagination: 3.0.7
    responseFormat: 1.0.1
    retries: 3.0.3
    sdkHooks: 1.2.0
generatedFiles:
  - .gitattributes
  - .vscode/settings.json
  - USAGE.md
  - docs/models/error.md
  - docs/models/getpassageaudiorequest.md
  - docs/models/getpassagehtmlrequest.md
  - docs/models/getpassagetextrequest.md
  - docs/models/indentusing.md
  - docs/models/passagemeta.md
  - docs/models/passageresponse.md
  - docs/models/results.md
  - docs/models/searchpassagesrequest.md
  - docs/models/searchpassagesresponse.md
  - docs/models/searchpassagesresponsebody.md
  - docs/models/security.md
  - docs/models/utils/retryconfig.md
  - docs/models/verses.md
  - docs/sdks/passages/README.md
  - poetry.toml
  - py.typed
  - pylintrc
  - pyproject.toml
  - scripts/prepare_readme.py
  - scripts/publish.sh
  - src/esv_sdk/__init__.py
  - src/esv_sdk/_hooks/__init__.py
  - src/esv_sdk/_hooks/sdkhooks.py
  - src/esv_sdk/_hooks/types.py
  - src/esv_sdk/_version.py
  - src/esv_sdk/basesdk.py
  - src/esv_sdk/httpclient.py
  - src/esv_sdk/models/__init__.py
  - src/esv_sdk/models/apierror.py
  - src/esv_sdk/models/error.py
  - src/esv_sdk/models/esverror.py
  - src/esv_sdk/models/getpassageaudioop.py
  - src/esv_sdk/models/getpassagehtmlop.py
  - src/esv_sdk/models/getpassagetextop.py
  - src/esv_sdk/models/no_response_error.py
  - src/esv_sdk/models/passagemeta.py
  - src/esv_sdk/models/passageresponse.py
  - src/esv_sdk/models/responsevalidationerror.py
  - src/esv_sdk/models/searchpassagesop.py
  - src/esv_sdk/models/security.py
  - src/esv_sdk/passages.py
  - src/esv_sdk/py.typed
  - src/esv_sdk/sdk.py
  - src/esv_sdk/sdkconfiguration.py
  - src/esv_sdk/types/__init__.py
  - src/esv_sdk/types/basemodel.py
  - src/esv_sdk/utils/__init__.py
  - src/esv_sdk/utils/annotations.py
  - src/esv_sdk/utils/datetimes.py
  - src/esv_sdk/utils/enums.py
  - src/esv_sdk/utils/eventstreaming.py
  - src/esv_sdk/utils/forms.py
  - src/esv_sdk/utils/headers.py
  - src/esv_sdk/utils/logger.py
  - src/esv_sdk/utils/metadata.py
  - src/esv_sdk/utils/queryparams.py
  - src/esv_sdk/utils/requestbodies.py
  - src/esv_sdk/utils/retries.py
  - src/esv_sdk/utils/security.py
  - src/esv_sdk/utils/serializers.py
  - src/esv_sdk/utils/unmarshal_json_response.py
  - src/esv_sdk/utils/url.py
  - src/esv_sdk/utils/values.py
examples:
  getPassageHtml:
    StandardReference:
      parameters:
        query:
          q: "John 1:1"
          include-passage-references: true
          include-verse-numbers: true
          include-first-verse-numbers: true
          include-footnotes: true
          include-footnote-body: true
          include-headings: true
          include-short-copyright: false
          include-copyright: false
          include-passage-horizontal-lines: false
          include-heading-horizontal-lines: false
          horizontal-line-length: 55
          include-selahs: true
          include-css-link: true
          inline-styles: false
          wrapping-div: true
          div-classes: "esv"
      responses:
        "200":
          application/json: {}
        "400":
          application/json: {"code": "<value>", "message": "<value>"}
    CompactNotation:
      parameters:
        query:
          q: "jn11.35"
          include-passage-references: true
          include-verse-numbers: true
          include-first-verse-numbers: true
          include-footnotes: true
          include-footnote-body: true
          include-headings: true
          include-short-copyright: false
          include-copyright: false
          include-passage-horizontal-lines: false
          include-heading-horizontal-lines: false
          horizontal-line-length: 55
          include-selahs: true
          include-css-link: true
          inline-styles: false
          wrapping-div: true
          div-classes: "esv"
      responses:
        "200":
          application/json: {}
        "400":
          application/json: {"code": "<value>", "message": "<value>"}
    ChapterRange:
      parameters:
        query:
          q: "Genesis 1-3"
          include-passage-references: true
          include-verse-numbers: true
          include-first-verse-numbers: true
          include-footnotes: true
          include-footnote-body: true
          include-headings: true
          include-short-copyright: false
          include-copyright: false
          include-passage-horizontal-lines: false
          include-heading-horizontal-lines: false
          horizontal-line-length: 55
          include-selahs: true
          include-css-link: true
          inline-styles: false
          wrapping-div: true
          div-classes: "esv"
      responses:
        "200":
          application/json: {}
        "400":
          application/json: {"code": "<value>", "message": "<value>"}
    NumericalEncoding:
      parameters:
        query:
          q: "43011035"
          include-passage-references: true
          include-verse-numbers: true
          include-first-verse-numbers: true
          include-footnotes: true
          include-footnote-body: true
          include-headings: true
          include-short-copyright: false
          include-copyright: false
          include-passage-horizontal-lines: false
          include-heading-horizontal-lines: false
          horizontal-line-length: 55
          include-selahs: true
          include-css-link: true
          inline-styles: false
          wrapping-div: true
          div-classes: "esv"
      responses:
        "200":
          application/json: {}
        "400":
          application/json: {"code": "<value>", "message": "<value>"}
    DigitalRange:
      parameters:
        query:
          q: "01001001-01011032"
          include-passage-references: true
          include-verse-numbers: true
          include-first-verse-numbers: true
          include-footnotes: true
          include-footnote-body: true
          include-headings: true
          include-short-copyright: false
          include-copyright: false
          include-passage-horizontal-lines: false
          include-heading-horizontal-lines: false
          horizontal-line-length: 55
          include-selahs: true
          include-css-link: true
          inline-styles: false
          wrapping-div: true
          div-classes: "esv"
      responses:
        "200":
          application/json: {}
        "400":
          application/json: {"code": "<value>", "message": "<value>"}
    MultiReference:
      parameters:
        query:
          q: "John1.1;Genesis1.1"
          include-passage-references: true
          include-verse-numbers: true
          include-first-verse-numbers: true
          include-footnotes: true
          include-footnote-body: true
          include-headings: true
          include-short-copyright: false
          include-copyright: false
          include-passage-horizontal-lines: false
          include-heading-horizontal-lines: false
          horizontal-line-length: 55
          include-selahs: true
          include-css-link: true
          inline-styles: false
          wrapping-div: true
          div-classes: "esv"
      responses:
        "200":
          application/json: {}
        "400":
          application/json: {"code": "<value>", "message": "<value>"}
    StructuredDigital:
      parameters:
        query:
          q: "19001001-19001006,19003001-19003008"
          include-passage-references: true
          include-verse-numbers: true
          include-first-verse-numbers: true
          include-footnotes: true
          include-footnote-body: true
          include-headings: true
          include-short-copyright: false
          include-copyright: false
          include-passage-horizontal-lines: false
          include-heading-horizontal-lines: false
          horizontal-line-length: 55
          include-selahs: true
          include-css-link: true
          inline-styles: false
          wrapping-div: true
          div-classes: "esv"
      responses:
        "200":
          application/json: {}
        "400":
          application/json: {"code": "<value>", "message": "<value>"}
    "":
      parameters:
        query:
          q: "<value>"
          include-passage-references: true
          include-verse-numbers: true
          include-first-verse-numbers: true
          include-footnotes: true
          include-footnote-body: true
          include-headings: true
          include-short-copyright: false
          include-copyright: false
          include-passage-horizontal-lines: false
          include-heading-horizontal-lines: false
          horizontal-line-length: 55
          include-selahs: true
          include-css-link: true
          inline-styles: false
          wrapping-div: true
          div-classes: "esv"
      responses:
        "200":
          application/json: {}
        "400":
          application/json: {"code": "<value>", "message": "<value>"}
    speakeasy-default-get-passage-html:
      parameters:
        query:
          q: "<value>"
          include-passage-references: true
          include-verse-numbers: true
          include-first-verse-numbers: true
          include-footnotes: true
          include-footnote-body: true
          include-headings: true
          include-short-copyright: false
          include-copyright: false
          include-passage-horizontal-lines: false
          include-heading-horizontal-lines: false
          horizontal-line-length: 55
          include-selahs: true
          include-css-link: true
          inline-styles: false
          wrapping-div: true
          div-classes: "esv"
      responses:
        "200":
          application/json: {}
        "400":
          application/json: {"code": "<value>", "message": "<value>"}
  searchPassages:
    speakeasy-default-search-passages:
      parameters:
        query:
          q: "<value>"
          page-size: 20
          page: 1
      responses:
        "200":
          application/json: {}
        "400":
          application/json: {"code": "<value>", "message": "<value>"}
  getPassageAudio:
    StandardReference:
      parameters:
        query:
          q: "John 1:1"
      responses:
        "200":
          audio/mpeg: "x-file: example.file"
        "400":
          application/json: {"code": "<value>", "message": "<value>"}
    CompactNotation:
      parameters:
        query:
          q: "jn11.35"
      responses:
        "200":
          audio/mpeg: "x-file: example.file"
        "400":
          application/json: {"code": "<value>", "message": "<value>"}
    ChapterRange:
      parameters:
        query:
          q: "Genesis 1-3"
      responses:
        "200":
          audio/mpeg: "x-file: example.file"
        "400":
          application/json: {"code": "<value>", "message": "<value>"}
    NumericalEncoding:
      parameters:
        query:
          q: "43011035"
      responses:
        "200":
          audio/mpeg: "x-file: example.file"
        "400":
          application/json: {"code": "<value>", "message": "<value>"}
    DigitalRange:
      parameters:
        query:
          q: "01001001-01011032"
      responses:
        "200":
          audio/mpeg: "x-file: example.file"
        "400":
          application/json: {"code": "<value>", "message": "<value>"}
    MultiReference:
      parameters:
        query:
          q: "John1.1;Genesis1.1"
      responses:
        "200":
          audio/mpeg: "x-file: example.file"
        "400":
          application/json: {"code": "<value>", "message": "<value>"}
    StructuredDigital:
      parameters:
        query:
          q: "19001001-19001006,19003001-19003008"
      responses:
        "200":
          audio/mpeg: "x-file: example.file"
        "400":
          application/json: {"code": "<value>", "message": "<value>"}
  getPassageText:
    StandardReference:
      parameters:
        query:
          q: "John 1:1"
          include-passage-references: true
          include-verse-numbers: true
          include-first-verse-numbers: true
          include-footnotes: true
          include-footnote-body: true
          include-headings: true
          include-short-copyright: false
          include-copyright: false
          include-passage-horizontal-lines: false
          include-heading-horizontal-lines: false
          horizontal-line-length: 55
          include-selahs: true
          indent-using: "space"
          indent-paragraphs: 2
          indent-poetry: 2
          indent-poetry-lines: 4
          indent-declares: 40
          indent-psalm-doxology: 30
          line-length: 0
      responses:
        "200":
          application/json: {}
        "400":
          application/json: {"code": "<value>", "message": "<value>"}
    CompactNotation:
      parameters:
        query:
          q: "jn11.35"
          include-passage-references: true
          include-verse-numbers: true
          include-first-verse-numbers: true
          include-footnotes: true
          include-footnote-body: true
          include-headings: true
          include-short-copyright: false
          include-copyright: false
          include-passage-horizontal-lines: false
          include-heading-horizontal-lines: false
          horizontal-line-length: 55
          include-selahs: true
          indent-using: "space"
          indent-paragraphs: 2
          indent-poetry: 2
          indent-poetry-lines: 4
          indent-declares: 40
          indent-psalm-doxology: 30
          line-length: 0
      responses:
        "200":
          application/json: {}
        "400":
          application/json: {"code": "<value>", "message": "<value>"}
    ChapterRange:
      parameters:
        query:
          q: "Genesis 1-3"
          include-passage-references: true
          include-verse-numbers: true
          include-first-verse-numbers: true
          include-footnotes: true
          include-footnote-body: true
          include-headings: true
          include-short-copyright: false
          include-copyright: false
          include-passage-horizontal-lines: false
          include-heading-horizontal-lines: false
          horizontal-line-length: 55
          include-selahs: true
          indent-using: "space"
          indent-paragraphs: 2
          indent-poetry: 2
          indent-poetry-lines: 4
          indent-declares: 40
          indent-psalm-doxology: 30
          line-length: 0
      responses:
        "200":
          application/json: {}
        "400":
          application/json: {"code": "<value>", "message": "<value>"}
    NumericalEncoding:
      parameters:
        query:
          q: "43011035"
          include-passage-references: true
          include-verse-numbers: true
          include-first-verse-numbers: true
          include-footnotes: true
          include-footnote-body: true
          include-headings: true
          include-short-copyright: false
          include-copyright: false
          include-passage-horizontal-lines: false
          include-heading-horizontal-lines: false
          horizontal-line-length: 55
          include-selahs: true
          indent-using: "space"
          indent-paragraphs: 2
          indent-poetry: 2
          indent-poetry-lines: 4
          indent-declares: 40
          indent-psalm-doxology: 30
          line-length: 0
      responses:
        "200":
          application/json: {}
        "400":
          application/json: {"code": "<value>", "message": "<value>"}
    DigitalRange:
      parameters:
        query:
          q: "01001001-01011032"
          include-passage-references: true
          include-verse-numbers: true
          include-first-verse-numbers: true
          include-footnotes: true
          include-footnote-body: true
          include-headings: true
          include-short-copyright: false
          include-copyright: false
          include-passage-horizontal-lines: false
          include-heading-horizontal-lines: false
          horizontal-line-length: 55
          include-selahs: true
          indent-using: "space"
          indent-paragraphs: 2
          indent-poetry: 2
          indent-poetry-lines: 4
          indent-declares: 40
          indent-psalm-doxology: 30
          line-length: 0
      responses:
        "200":
          application/json: {}
        "400":
          application/json: {"code": "<value>", "message": "<value>"}
    MultiReference:
      parameters:
        query:
          q: "John1.1;Genesis1.1"
          include-passage-references: true
          include-verse-numbers: true
          include-first-verse-numbers: true
          include-footnotes: true
          include-footnote-body: true
          include-headings: true
          include-short-copyright: false
          include-copyright: false
          include-passage-horizontal-lines: false
          include-heading-horizontal-lines: false
          horizontal-line-length: 55
          include-selahs: true
          indent-using: "space"
          indent-paragraphs: 2
          indent-poetry: 2
          indent-poetry-lines: 4
          indent-declares: 40
          indent-psalm-doxology: 30
          line-length: 0
      responses:
        "200":
          application/json: {}
        "400":
          application/json: {"code": "<value>", "message": "<value>"}
    StructuredDigital:
      parameters:
        query:
          q: "19001001-19001006,19003001-19003008"
          include-passage-references: true
          include-verse-numbers: true
          include-first-verse-numbers: true
          include-footnotes: true
          include-footnote-body: true
          include-headings: true
          include-short-copyright: false
          include-copyright: false
          include-passage-horizontal-lines: false
          include-heading-horizontal-lines: false
          horizontal-line-length: 55
          include-selahs: true
          indent-using: "space"
          indent-paragraphs: 2
          indent-poetry: 2
          indent-poetry-lines: 4
          indent-declares: 40
          indent-psalm-doxology: 30
          line-length: 0
      responses:
        "200":
          application/json: {}
        "400":
          application/json: {"code": "<value>", "message": "<value>"}
    "":
      parameters:
        query:
          q: "<value>"
          include-passage-references: true
          include-verse-numbers: true
          include-first-verse-numbers: true
          include-footnotes: true
          include-footnote-body: true
          include-headings: true
          include-short-copyright: false
          include-copyright: false
          include-passage-horizontal-lines: false
          include-heading-horizontal-lines: false
          horizontal-line-length: 55
          include-selahs: true
          indent-using: "space"
          indent-paragraphs: 2
          indent-poetry: 2
          indent-poetry-lines: 4
          indent-declares: 40
          indent-psalm-doxology: 30
          line-length: 0
      responses:
        "200":
          application/json: {}
        "400":
          application/json: {"code": "<value>", "message": "<value>"}
    speakeasy-default-get-passage-text:
      parameters:
        query:
          q: "<value>"
          include-passage-references: true
          include-verse-numbers: true
          include-first-verse-numbers: true
          include-footnotes: true
          include-footnote-body: true
          include-headings: true
          include-short-copyright: false
          include-copyright: false
          include-passage-horizontal-lines: false
          include-heading-horizontal-lines: false
          horizontal-line-length: 55
          include-selahs: true
          indent-using: "space"
          indent-paragraphs: 2
          indent-poetry: 2
          indent-poetry-lines: 4
          indent-declares: 40
          indent-psalm-doxology: 30
          line-length: 0
      responses:
        "200":
          application/json: {}
        "400":
          application/json: {"code": "<value>", "message": "<value>"}
examplesVersion: 1.0.2
generatedTests: {}
