speakeasyVersion: 1.542.3
sources:
    Esv-OAS:
        sourceNamespace: esv-org-api
        sourceRevisionDigest: sha256:fba8de0bba460789a5571fd1c99efb511d4766fb34a88dea4b5486b88a9aca4e
        sourceBlobDigest: sha256:aa45a5cd72f8b25ef3d411e18de9bdf59ec407dc833b577731a8a09e6722977c
        tags:
            - latest
            - speakeasy-sdk-regen-1746452258
targets:
    esv:
        source: Esv-OAS
        sourceNamespace: esv-org-api
        sourceRevisionDigest: sha256:fba8de0bba460789a5571fd1c99efb511d4766fb34a88dea4b5486b88a9aca4e
        sourceBlobDigest: sha256:aa45a5cd72f8b25ef3d411e18de9bdf59ec407dc833b577731a8a09e6722977c
        codeSamplesNamespace: esv-oas-python-code-samples
        codeSamplesRevisionDigest: sha256:95270e830e2b05b7cc4f10f10533fcf3b79bef85f8af1e9a49590e4bc4170e3b
workflow:
    workflowVersion: 1.0.0
    speakeasyVersion: latest
    sources:
        Esv-OAS:
            inputs:
                - location: registry.speakeasyapi.dev/walker/esv/esv-org-api:main
            registry:
                location: registry.speakeasyapi.dev/walker/esv/esv-oas
    targets:
        esv:
            target: python
            source: Esv-OAS
            publish:
                pypi:
                    token: $pypi_token
            codeSamples:
                registry:
                    location: registry.speakeasyapi.dev/walker/esv/esv-oas-python-code-samples
                labelOverride:
                    fixedValue: Python (SDK)
                blocking: false
