speakeasyVersion: 1.481.1
sources:
    Esv-OAS:
        sourceNamespace: esv-org-api
        sourceRevisionDigest: sha256:6d682808db46836b6b8f15c1c3d1efe281babab94fae33d5668d772e61cfb489
        sourceBlobDigest: sha256:40c6ad832e98a0f34e24aea90700c770ad62a0bb5f9313bd51f1183e6c11a45f
        tags:
            - latest
targets:
    esv:
        source: Esv-OAS
        sourceNamespace: esv-org-api
        sourceRevisionDigest: sha256:6d682808db46836b6b8f15c1c3d1efe281babab94fae33d5668d772e61cfb489
        sourceBlobDigest: sha256:40c6ad832e98a0f34e24aea90700c770ad62a0bb5f9313bd51f1183e6c11a45f
        codeSamplesNamespace: esv-oas-python-code-samples
        codeSamplesRevisionDigest: sha256:9fba3eb73278445838f46e0b98940c1ffdd6a49ccf1d1dc09952c3f2c4d25bdc
workflow:
    workflowVersion: 1.0.0
    speakeasyVersion: latest
    sources:
        Esv-OAS:
            inputs:
                - location: registry.speakeasyapi.dev/walker/esv/esv-org-api:main
            registry:
                location: registry.speakeasyapi.dev/walker/esv/esv-oas
    targets:
        esv:
            target: python
            source: Esv-OAS
            publish:
                pypi:
                    token: $pypi_token
            codeSamples:
                registry:
                    location: registry.speakeasyapi.dev/walker/esv/esv-oas-python-code-samples
                labelOverride:
                    fixedValue: Python (SDK)
                blocking: false
